// !$*UTF8*$!
{
	archiveVersion = 1;
	classes = {
	};
	objectVersion = 55;
	objects = {

/* Begin PBXBuildFile section */
		26032FD32878A34B00C77B93 /* NS_WordleApp.swift in Sources */ = {isa = PBXBuildFile; fileRef = 26032FD22878A34B00C77B93 /* NS_WordleApp.swift */; };
		26032FD52878A34B00C77B93 /* GameView.swift in Sources */ = {isa = PBXBuildFile; fileRef = 26032FD42878A34B00C77B93 /* GameView.swift */; };
		26032FD72878A34C00C77B93 /* Assets.xcassets in Resources */ = {isa = PBXBuildFile; fileRef = 26032FD62878A34C00C77B93 /* Assets.xcassets */; };
		26032FDA2878A34C00C77B93 /* Preview Assets.xcassets in Resources */ = {isa = PBXBuildFile; fileRef = 26032FD92878A34C00C77B93 /* Preview Assets.xcassets */; };
		26032FE12878A41D00C77B93 /* Launch Screen.storyboard in Resources */ = {isa = PBXBuildFile; fileRef = 26032FE02878A41D00C77B93 /* Launch Screen.storyboard */; };
		26032FE72878A9BC00C77B93 /* Color+Extension.swift in Sources */ = {isa = PBXBuildFile; fileRef = 26032FE62878A9BC00C77B93 /* Color+Extension.swift */; };
		26032FEA2878AA6D00C77B93 /* Guess.swift in Sources */ = {isa = PBXBuildFile; fileRef = 26032FE92878AA6D00C77B93 /* Guess.swift */; };
		26032FEE2878ACA100C77B93 /* GuessView.swift in Sources */ = {isa = PBXBuildFile; fileRef = 26032FED2878ACA100C77B93 /* GuessView.swift */; };
		26032FF12878AF2C00C77B93 /* WordleViewModel.swift in Sources */ = {isa = PBXBuildFile; fileRef = 26032FF02878AF2C00C77B93 /* WordleViewModel.swift */; };
		26032FF32878B15500C77B93 /* Global.swift in Sources */ = {isa = PBXBuildFile; fileRef = 26032FF22878B15500C77B93 /* Global.swift */; };
		26032FF52878B76E00C77B93 /* LetterButtonView.swift in Sources */ = {isa = PBXBuildFile; fileRef = 26032FF42878B76E00C77B93 /* LetterButtonView.swift */; };
		26032FF72878B8FB00C77B93 /* KeyboardView.swift in Sources */ = {isa = PBXBuildFile; fileRef = 26032FF62878B8FB00C77B93 /* KeyboardView.swift */; };
		268DAA90287B287F0069BE10 /* Shake.swift in Sources */ = {isa = PBXBuildFile; fileRef = 268DAA8F287B287F0069BE10 /* Shake.swift */; };
		268DAA92287B88DD0069BE10 /* FlipView.swift in Sources */ = {isa = PBXBuildFile; fileRef = 268DAA91287B88DD0069BE10 /* FlipView.swift */; };
		26B1E4F8288875FE00426D7E /* ToastView.swift in Sources */ = {isa = PBXBuildFile; fileRef = 26B1E4F7288875FE00426D7E /* ToastView.swift */; };
		26B1E4FD28887E3900426D7E /* Logger.swift in Sources */ = {isa = PBXBuildFile; fileRef = 26B1E4FC28887E3900426D7E /* Logger.swift */; };
		26B1E4FF2888806300426D7E /* Statistic.swift in Sources */ = {isa = PBXBuildFile; fileRef = 26B1E4FE2888806300426D7E /* Statistic.swift */; };
		26B1E5012888839300426D7E /* StatisticsView.swift in Sources */ = {isa = PBXBuildFile; fileRef = 26B1E5002888839300426D7E /* StatisticsView.swift */; };
/* End PBXBuildFile section */

/* Begin PBXFileReference section */
		26032FCF2878A34B00C77B93 /* NS_Wordle.app */ = {isa = PBXFileReference; explicitFileType = wrapper.application; includeInIndex = 0; path = NS_Wordle.app; sourceTree = BUILT_PRODUCTS_DIR; };
		26032FD22878A34B00C77B93 /* NS_WordleApp.swift */ = {isa = PBXFileReference; lastKnownFileType = sourcecode.swift; path = NS_WordleApp.swift; sourceTree = "<group>"; };
		26032FD42878A34B00C77B93 /* GameView.swift */ = {isa = PBXFileReference; lastKnownFileType = sourcecode.swift; path = GameView.swift; sourceTree = "<group>"; };
		26032FD62878A34C00C77B93 /* Assets.xcassets */ = {isa = PBXFileReference; lastKnownFileType = folder.assetcatalog; path = Assets.xcassets; sourceTree = "<group>"; };
		26032FD92878A34C00C77B93 /* Preview Assets.xcassets */ = {isa = PBXFileReference; lastKnownFileType = folder.assetcatalog; path = "Preview Assets.xcassets"; sourceTree = "<group>"; };
		26032FE02878A41D00C77B93 /* Launch Screen.storyboard */ = {isa = PBXFileReference; lastKnownFileType = file.storyboard; path = "Launch Screen.storyboard"; sourceTree = "<group>"; };
		26032FE62878A9BC00C77B93 /* Color+Extension.swift */ = {isa = PBXFileReference; lastKnownFileType = sourcecode.swift; path = "Color+Extension.swift"; sourceTree = "<group>"; };
		26032FE92878AA6D00C77B93 /* Guess.swift */ = {isa = PBXFileReference; lastKnownFileType = sourcecode.swift; path = Guess.swift; sourceTree = "<group>"; };
		26032FED2878ACA100C77B93 /* GuessView.swift */ = {isa = PBXFileReference; lastKnownFileType = sourcecode.swift; path = GuessView.swift; sourceTree = "<group>"; };
		26032FF02878AF2C00C77B93 /* WordleViewModel.swift */ = {isa = PBXFileReference; lastKnownFileType = sourcecode.swift; path = WordleViewModel.swift; sourceTree = "<group>"; };
		26032FF22878B15500C77B93 /* Global.swift */ = {isa = PBXFileReference; lastKnownFileType = sourcecode.swift; path = Global.swift; sourceTree = "<group>"; };
		26032FF42878B76E00C77B93 /* LetterButtonView.swift */ = {isa = PBXFileReference; lastKnownFileType = sourcecode.swift; path = LetterButtonView.swift; sourceTree = "<group>"; };
		26032FF62878B8FB00C77B93 /* KeyboardView.swift */ = {isa = PBXFileReference; lastKnownFileType = sourcecode.swift; path = KeyboardView.swift; sourceTree = "<group>"; };
		268DAA8F287B287F0069BE10 /* Shake.swift */ = {isa = PBXFileReference; lastKnownFileType = sourcecode.swift; path = Shake.swift; sourceTree = "<group>"; };
		268DAA91287B88DD0069BE10 /* FlipView.swift */ = {isa = PBXFileReference; lastKnownFileType = sourcecode.swift; path = FlipView.swift; sourceTree = "<group>"; };
		26B1E4F7288875FE00426D7E /* ToastView.swift */ = {isa = PBXFileReference; lastKnownFileType = sourcecode.swift; path = ToastView.swift; sourceTree = "<group>"; };
		26B1E4FC28887E3900426D7E /* Logger.swift */ = {isa = PBXFileReference; lastKnownFileType = sourcecode.swift; path = Logger.swift; sourceTree = "<group>"; };
		26B1E4FE2888806300426D7E /* Statistic.swift */ = {isa = PBXFileReference; lastKnownFileType = sourcecode.swift; path = Statistic.swift; sourceTree = "<group>"; };
		26B1E5002888839300426D7E /* StatisticsView.swift */ = {isa = PBXFileReference; lastKnownFileType = sourcecode.swift; path = StatisticsView.swift; sourceTree = "<group>"; };
/* End PBXFileReference section */

/* Begin PBXFrameworksBuildPhase section */
		26032FCC2878A34B00C77B93 /* Frameworks */ = {
			isa = PBXFrameworksBuildPhase;
			buildActionMask = 2147483647;
			files = (
			);
			runOnlyForDeploymentPostprocessing = 0;
		};
/* End PBXFrameworksBuildPhase section */

/* Begin PBXGroup section */
		26032FC62878A34B00C77B93 = {
			isa = PBXGroup;
			children = (
				26032FD12878A34B00C77B93 /* NS_Wordle */,
				26032FD02878A34B00C77B93 /* Products */,
			);
			sourceTree = "<group>";
		};
		26032FD02878A34B00C77B93 /* Products */ = {
			isa = PBXGroup;
			children = (
				26032FCF2878A34B00C77B93 /* NS_Wordle.app */,
			);
			name = Products;
			sourceTree = "<group>";
		};
		26032FD12878A34B00C77B93 /* NS_Wordle */ = {
			isa = PBXGroup;
			children = (
				26B1E4FB28887E2F00426D7E /* Util */,
				268DAA8E287B28710069BE10 /* Animations */,
				26032FEF2878AF1A00C77B93 /* ViewModels */,
				26032FEC2878AC8300C77B93 /* Views */,
				26032FE82878AA6500C77B93 /* Models */,
				26032FE32878A89D00C77B93 /* Extensions */,
				26032FD22878A34B00C77B93 /* NS_WordleApp.swift */,
				26032FD62878A34C00C77B93 /* Assets.xcassets */,
				26032FE02878A41D00C77B93 /* Launch Screen.storyboard */,
				26032FD82878A34C00C77B93 /* Preview Content */,
			);
			path = NS_Wordle;
			sourceTree = "<group>";
		};
		26032FD82878A34C00C77B93 /* Preview Content */ = {
			isa = PBXGroup;
			children = (
				26032FD92878A34C00C77B93 /* Preview Assets.xcassets */,
			);
			path = "Preview Content";
			sourceTree = "<group>";
		};
		26032FE32878A89D00C77B93 /* Extensions */ = {
			isa = PBXGroup;
			children = (
				26032FE62878A9BC00C77B93 /* Color+Extension.swift */,
			);
			path = Extensions;
			sourceTree = "<group>";
		};
		26032FE82878AA6500C77B93 /* Models */ = {
			isa = PBXGroup;
			children = (
				26032FE92878AA6D00C77B93 /* Guess.swift */,
				26032FF22878B15500C77B93 /* Global.swift */,
				26B1E4FE2888806300426D7E /* Statistic.swift */,
			);
			path = Models;
			sourceTree = "<group>";
		};
		26032FEC2878AC8300C77B93 /* Views */ = {
			isa = PBXGroup;
			children = (
				26032FD42878A34B00C77B93 /* GameView.swift */,
				26032FED2878ACA100C77B93 /* GuessView.swift */,
				26032FF42878B76E00C77B93 /* LetterButtonView.swift */,
				26032FF62878B8FB00C77B93 /* KeyboardView.swift */,
				26B1E4F7288875FE00426D7E /* ToastView.swift */,
				26B1E5002888839300426D7E /* StatisticsView.swift */,
			);
			path = Views;
			sourceTree = "<group>";
		};
		26032FEF2878AF1A00C77B93 /* ViewModels */ = {
			isa = PBXGroup;
			children = (
				26032FF02878AF2C00C77B93 /* WordleViewModel.swift */,
			);
			path = ViewModels;
			sourceTree = "<group>";
		};
		268DAA8E287B28710069BE10 /* Animations */ = {
			isa = PBXGroup;
			children = (
				268DAA8F287B287F0069BE10 /* Shake.swift */,
				268DAA91287B88DD0069BE10 /* FlipView.swift */,
			);
			path = Animations;
			sourceTree = "<group>";
		};
		26B1E4FB28887E2F00426D7E /* Util */ = {
			isa = PBXGroup;
			children = (
				26B1E4FC28887E3900426D7E /* Logger.swift */,
			);
			path = Util;
			sourceTree = "<group>";
		};
/* End PBXGroup section */

/* Begin PBXNativeTarget section */
		26032FCE2878A34B00C77B93 /* NS_Wordle */ = {
			isa = PBXNativeTarget;
			buildConfigurationList = 26032FDD2878A34C00C77B93 /* Build configuration list for PBXNativeTarget "NS_Wordle" */;
			buildPhases = (
				26032FCB2878A34B00C77B93 /* Sources */,
				26032FCC2878A34B00C77B93 /* Frameworks */,
				26032FCD2878A34B00C77B93 /* Resources */,
			);
			buildRules = (
			);
			dependencies = (
			);
			name = NS_Wordle;
			productName = NS_Wordle;
			productReference = 26032FCF2878A34B00C77B93 /* NS_Wordle.app */;
			productType = "com.apple.product-type.application";
		};
/* End PBXNativeTarget section */

/* Begin PBXProject section */
		26032FC72878A34B00C77B93 /* Project object */ = {
			isa = PBXProject;
			attributes = {
				BuildIndependentTargetsInParallel = 1;
				LastSwiftUpdateCheck = 1340;
				LastUpgradeCheck = 1340;
				TargetAttributes = {
					26032FCE2878A34B00C77B93 = {
						CreatedOnToolsVersion = 13.4.1;
					};
				};
			};
			buildConfigurationList = 26032FCA2878A34B00C77B93 /* Build configuration list for PBXProject "NS_Wordle" */;
			compatibilityVersion = "Xcode 13.0";
			developmentRegion = en;
			hasScannedForEncodings = 0;
			knownRegions = (
				en,
				Base,
			);
			mainGroup = 26032FC62878A34B00C77B93;
			productRefGroup = 26032FD02878A34B00C77B93 /* Products */;
			projectDirPath = "";
			projectRoot = "";
			targets = (
				26032FCE2878A34B00C77B93 /* NS_Wordle */,
			);
		};
/* End PBXProject section */

/* Begin PBXResourcesBuildPhase section */
		26032FCD2878A34B00C77B93 /* Resources */ = {
			isa = PBXResourcesBuildPhase;
			buildActionMask = 2147483647;
			files = (
				26032FE12878A41D00C77B93 /* Launch Screen.storyboard in Resources */,
				26032FDA2878A34C00C77B93 /* Preview Assets.xcassets in Resources */,
				26032FD72878A34C00C77B93 /* Assets.xcassets in Resources */,
			);
			runOnlyForDeploymentPostprocessing = 0;
		};
/* End PBXResourcesBuildPhase section */

/* Begin PBXSourcesBuildPhase section */
		26032FCB2878A34B00C77B93 /* Sources */ = {
			isa = PBXSourcesBuildPhase;
			buildActionMask = 2147483647;
			files = (
				26032FD52878A34B00C77B93 /* GameView.swift in Sources */,
				26B1E5012888839300426D7E /* StatisticsView.swift in Sources */,
				268DAA92287B88DD0069BE10 /* FlipView.swift in Sources */,
				26032FF52878B76E00C77B93 /* LetterButtonView.swift in Sources */,
				26032FEE2878ACA100C77B93 /* GuessView.swift in Sources */,
				26B1E4F8288875FE00426D7E /* ToastView.swift in Sources */,
				26032FF72878B8FB00C77B93 /* KeyboardView.swift in Sources */,
				26B1E4FF2888806300426D7E /* Statistic.swift in Sources */,
				26032FEA2878AA6D00C77B93 /* Guess.swift in Sources */,
				26032FE72878A9BC00C77B93 /* Color+Extension.swift in Sources */,
				268DAA90287B287F0069BE10 /* Shake.swift in Sources */,
				26B1E4FD28887E3900426D7E /* Logger.swift in Sources */,
				26032FF12878AF2C00C77B93 /* WordleViewModel.swift in Sources */,
				26032FD32878A34B00C77B93 /* NS_WordleApp.swift in Sources */,
				26032FF32878B15500C77B93 /* Global.swift in Sources */,
			);
			runOnlyForDeploymentPostprocessing = 0;
		};
/* End PBXSourcesBuildPhase section */

/* Begin XCBuildConfiguration section */
		26032FDB2878A34C00C77B93 /* Debug */ = {
			isa = XCBuildConfiguration;
			buildSettings = {
				ALWAYS_SEARCH_USER_PATHS = NO;
				CLANG_ANALYZER_NONNULL = YES;
				CLANG_ANALYZER_NUMBER_OBJECT_CONVERSION = YES_AGGRESSIVE;
				CLANG_CXX_LANGUAGE_STANDARD = "gnu++17";
				CLANG_ENABLE_MODULES = YES;
				CLANG_ENABLE_OBJC_ARC = YES;
				CLANG_ENABLE_OBJC_WEAK = YES;
				CLANG_WARN_BLOCK_CAPTURE_AUTORELEASING = YES;
				CLANG_WARN_BOOL_CONVERSION = YES;
				CLANG_WARN_COMMA = YES;
				CLANG_WARN_CONSTANT_CONVERSION = YES;
				CLANG_WARN_DEPRECATED_OBJC_IMPLEMENTATIONS = YES;
				CLANG_WARN_DIRECT_OBJC_ISA_USAGE = YES_ERROR;
				CLANG_WARN_DOCUMENTATION_COMMENTS = YES;
				CLANG_WARN_EMPTY_BODY = YES;
				CLANG_WARN_ENUM_CONVERSION = YES;
				CLANG_WARN_INFINITE_RECURSION = YES;
				CLANG_WARN_INT_CONVERSION = YES;
				CLANG_WARN_NON_LITERAL_NULL_CONVERSION = YES;
				CLANG_WARN_OBJC_IMPLICIT_RETAIN_SELF = YES;
				CLANG_WARN_OBJC_LITERAL_CONVERSION = YES;
				CLANG_WARN_OBJC_ROOT_CLASS = YES_ERROR;
				CLANG_WARN_QUOTED_INCLUDE_IN_FRAMEWORK_HEADER = YES;
				CLANG_WARN_RANGE_LOOP_ANALYSIS = YES;
				CLANG_WARN_STRICT_PROTOTYPES = YES;
				CLANG_WARN_SUSPICIOUS_MOVE = YES;
				CLANG_WARN_UNGUARDED_AVAILABILITY = YES_AGGRESSIVE;
				CLANG_WARN_UNREACHABLE_CODE = YES;
				CLANG_WARN__DUPLICATE_METHOD_MATCH = YES;
				COPY_PHASE_STRIP = NO;
				DEBUG_INFORMATION_FORMAT = dwarf;
				ENABLE_STRICT_OBJC_MSGSEND = YES;
				ENABLE_TESTABILITY = YES;
				GCC_C_LANGUAGE_STANDARD = gnu11;
				GCC_DYNAMIC_NO_PIC = NO;
				GCC_NO_COMMON_BLOCKS = YES;
				GCC_OPTIMIZATION_LEVEL = 0;
				GCC_PREPROCESSOR_DEFINITIONS = (
					"DEBUG=1",
					"$(inherited)",
				);
				GCC_WARN_64_TO_32_BIT_CONVERSION = YES;
				GCC_WARN_ABOUT_RETURN_TYPE = YES_ERROR;
				GCC_WARN_UNDECLARED_SELECTOR = YES;
				GCC_WARN_UNINITIALIZED_AUTOS = YES_AGGRESSIVE;
				GCC_WARN_UNUSED_FUNCTION = YES;
				GCC_WARN_UNUSED_VARIABLE = YES;
				IPHONEOS_DEPLOYMENT_TARGET = 15.5;
				MTL_ENABLE_DEBUG_INFO = INCLUDE_SOURCE;
				MTL_FAST_MATH = YES;
				ONLY_ACTIVE_ARCH = YES;
				SDKROOT = iphoneos;
				SWIFT_ACTIVE_COMPILATION_CONDITIONS = DEBUG;
				SWIFT_OPTIMIZATION_LEVEL = "-Onone";
			};
			name = Debug;
		};
		26032FDC2878A34C00C77B93 /* Release */ = {
			isa = XCBuildConfiguration;
			buildSettings = {
				ALWAYS_SEARCH_USER_PATHS = NO;
				CLANG_ANALYZER_NONNULL = YES;
				CLANG_ANALYZER_NUMBER_OBJECT_CONVERSION = YES_AGGRESSIVE;
				CLANG_CXX_LANGUAGE_STANDARD = "gnu++17";
				CLANG_ENABLE_MODULES = YES;
				CLANG_ENABLE_OBJC_ARC = YES;
				CLANG_ENABLE_OBJC_WEAK = YES;
				CLANG_WARN_BLOCK_CAPTURE_AUTORELEASING = YES;
				CLANG_WARN_BOOL_CONVERSION = YES;
				CLANG_WARN_COMMA = YES;
				CLANG_WARN_CONSTANT_CONVERSION = YES;
				CLANG_WARN_DEPRECATED_OBJC_IMPLEMENTATIONS = YES;
				CLANG_WARN_DIRECT_OBJC_ISA_USAGE = YES_ERROR;
				CLANG_WARN_DOCUMENTATION_COMMENTS = YES;
				CLANG_WARN_EMPTY_BODY = YES;
				CLANG_WARN_ENUM_CONVERSION = YES;
				CLANG_WARN_INFINITE_RECURSION = YES;
				CLANG_WARN_INT_CONVERSION = YES;
				CLANG_WARN_NON_LITERAL_NULL_CONVERSION = YES;
				CLANG_WARN_OBJC_IMPLICIT_RETAIN_SELF = YES;
				CLANG_WARN_OBJC_LITERAL_CONVERSION = YES;
				CLANG_WARN_OBJC_ROOT_CLASS = YES_ERROR;
				CLANG_WARN_QUOTED_INCLUDE_IN_FRAMEWORK_HEADER = YES;
				CLANG_WARN_RANGE_LOOP_ANALYSIS = YES;
				CLANG_WARN_STRICT_PROTOTYPES = YES;
				CLANG_WARN_SUSPICIOUS_MOVE = YES;
				CLANG_WARN_UNGUARDED_AVAILABILITY = YES_AGGRESSIVE;
				CLANG_WARN_UNREACHABLE_CODE = YES;
				CLANG_WARN__DUPLICATE_METHOD_MATCH = YES;
				COPY_PHASE_STRIP = NO;
				DEBUG_INFORMATION_FORMAT = "dwarf-with-dsym";
				ENABLE_NS_ASSERTIONS = NO;
				ENABLE_STRICT_OBJC_MSGSEND = YES;
				GCC_C_LANGUAGE_STANDARD = gnu11;
				GCC_NO_COMMON_BLOCKS = YES;
				GCC_WARN_64_TO_32_BIT_CONVERSION = YES;
				GCC_WARN_ABOUT_RETURN_TYPE = YES_ERROR;
				GCC_WARN_UNDECLARED_SELECTOR = YES;
				GCC_WARN_UNINITIALIZED_AUTOS = YES_AGGRESSIVE;
				GCC_WARN_UNUSED_FUNCTION = YES;
				GCC_WARN_UNUSED_VARIABLE = YES;
				IPHONEOS_DEPLOYMENT_TARGET = 15.5;
				MTL_ENABLE_DEBUG_INFO = NO;
				MTL_FAST_MATH = YES;
				SDKROOT = iphoneos;
				SWIFT_COMPILATION_MODE = wholemodule;
				SWIFT_OPTIMIZATION_LEVEL = "-O";
				VALIDATE_PRODUCT = YES;
			};
			name = Release;
		};
		26032FDE2878A34C00C77B93 /* Debug */ = {
			isa = XCBuildConfiguration;
			buildSettings = {
				ASSETCATALOG_COMPILER_APPICON_NAME = AppIcon;
				ASSETCATALOG_COMPILER_GLOBAL_ACCENT_COLOR_NAME = AccentColor;
				CODE_SIGN_STYLE = Automatic;
				CURRENT_PROJECT_VERSION = 1;
				DEVELOPMENT_ASSET_PATHS = "\"NS_Wordle/Preview Content\"";
				DEVELOPMENT_TEAM = QWM7FWK37Y;
				ENABLE_PREVIEWS = YES;
				GENERATE_INFOPLIST_FILE = YES;
				INFOPLIST_FILE = "NS-Wordle-Info.plist";
				INFOPLIST_KEY_CFBundleDisplayName = Wordle;
				INFOPLIST_KEY_UIApplicationSceneManifest_Generation = YES;
				INFOPLIST_KEY_UIApplicationSupportsIndirectInputEvents = YES;
				INFOPLIST_KEY_UILaunchScreen_Generation = YES;
				INFOPLIST_KEY_UILaunchStoryboardName = "Launch Screen";
				INFOPLIST_KEY_UIRequiresFullScreen = YES;
				INFOPLIST_KEY_UISupportedInterfaceOrientations_iPad = "UIInterfaceOrientationPortrait UIInterfaceOrientationPortraitUpsideDown UIInterfaceOrientationLandscapeLeft UIInterfaceOrientationLandscapeRight";
				INFOPLIST_KEY_UISupportedInterfaceOrientations_iPhone = UIInterfaceOrientationPortrait;
				LD_RUNPATH_SEARCH_PATHS = (
					"$(inherited)",
					"@executable_path/Frameworks",
				);
				MARKETING_VERSION = 1.0;
				PRODUCT_BUNDLE_IDENTIFIER = "nnshende.NS-Wordle";
				PRODUCT_NAME = "$(TARGET_NAME)";
				SWIFT_EMIT_LOC_STRINGS = YES;
				SWIFT_VERSION = 5.0;
				TARGETED_DEVICE_FAMILY = "1,2";
			};
			name = Debug;
		};
		26032FDF2878A34C00C77B93 /* Release */ = {
			isa = XCBuildConfiguration;
			buildSettings = {
				ASSETCATALOG_COMPILER_APPICON_NAME = AppIcon;
				ASSETCATALOG_COMPILER_GLOBAL_ACCENT_COLOR_NAME = AccentColor;
				CODE_SIGN_STYLE = Automatic;
				CURRENT_PROJECT_VERSION = 1;
				DEVELOPMENT_ASSET_PATHS = "\"NS_Wordle/Preview Content\"";
				DEVELOPMENT_TEAM = QWM7FWK37Y;
				ENABLE_PREVIEWS = YES;
				GENERATE_INFOPLIST_FILE = YES;
				INFOPLIST_FILE = "NS-Wordle-Info.plist";
				INFOPLIST_KEY_CFBundleDisplayName = Wordle;
				INFOPLIST_KEY_UIApplicationSceneManifest_Generation = YES;
				INFOPLIST_KEY_UIApplicationSupportsIndirectInputEvents = YES;
				INFOPLIST_KEY_UILaunchScreen_Generation = YES;
				INFOPLIST_KEY_UILaunchStoryboardName = "Launch Screen";
				INFOPLIST_KEY_UIRequiresFullScreen = YES;
				INFOPLIST_KEY_UISupportedInterfaceOrientations_iPad = "UIInterfaceOrientationPortrait UIInterfaceOrientationPortraitUpsideDown UIInterfaceOrientationLandscapeLeft UIInterfaceOrientationLandscapeRight";
				INFOPLIST_KEY_UISupportedInterfaceOrientations_iPhone = UIInterfaceOrientationPortrait;
				LD_RUNPATH_SEARCH_PATHS = (
					"$(inherited)",
					"@executable_path/Frameworks",
				);
				MARKETING_VERSION = 1.0;
				PRODUCT_BUNDLE_IDENTIFIER = "nnshende.NS-Wordle";
				PRODUCT_NAME = "$(TARGET_NAME)";
				SWIFT_EMIT_LOC_STRINGS = YES;
				SWIFT_VERSION = 5.0;
				TARGETED_DEVICE_FAMILY = "1,2";
			};
			name = Release;
		};
/* End XCBuildConfiguration section */

/* Begin XCConfigurationList section */
		26032FCA2878A34B00C77B93 /* Build configuration list for PBXProject "NS_Wordle" */ = {
			isa = XCConfigurationList;
			buildConfigurations = (
				26032FDB2878A34C00C77B93 /* Debug */,
				26032FDC2878A34C00C77B93 /* Release */,
			);
			defaultConfigurationIsVisible = 0;
			defaultConfigurationName = Release;
		};
		26032FDD2878A34C00C77B93 /* Build configuration list for PBXNativeTarget "NS_Wordle" */ = {
			isa = XCConfigurationList;
			buildConfigurations = (
				26032FDE2878A34C00C77B93 /* Debug */,
				26032FDF2878A34C00C77B93 /* Release */,
			);
			defaultConfigurationIsVisible = 0;
			defaultConfigurationName = Release;
		};
/* End XCConfigurationList section */
	};
	rootObject = 26032FC72878A34B00C77B93 /* Project object */;
}
